lockfileVersion: '9.0'

settings:
  autoInstallPeers: true
  excludeLinksFromLockfile: false

importers:

  .:
    devDependencies:
      '@types/jquery':
        specifier: ^3.5.30
        version: 3.5.30
      '@types/node':
        specifier: ^20.14.14
        version: 20.14.14
      '@types/yui':
        specifier: ^3.14.31
        version: 3.14.31
      alloy-ui:
        specifier: ^3.1.0-deprecated.83
        version: 3.1.0-deprecated.83
      axios:
        specifier: ^1.7.3
        version: 1.7.3
      typescript:
        specifier: ~5.4.5
        version: 5.4.5
      yui:
        specifier: ^3.18.1
        version: 3.18.1

packages:

  '@types/jquery@3.5.30':
    resolution: {integrity: sha512-nbWKkkyb919DOUxjmRVk8vwtDb0/k8FKncmUKFi+NY+QXqWltooxTrswvz4LspQwxvLdvzBN1TImr6cw3aQx2A==}

  '@types/node@20.14.14':
    resolution: {integrity: sha512-d64f00982fS9YoOgJkAMolK7MN8Iq3TDdVjchbYHdEmjth/DHowx82GnoA+tVUAN+7vxfYUgAzi+JXbKNd2SDQ==}

  '@types/sizzle@2.3.8':
    resolution: {integrity: sha512-0vWLNK2D5MT9dg0iOo8GlKguPAU02QjmZitPEsXRuJXU/OGIOt9vT9Fc26wtYuavLxtO45v9PGleoL9Z0k1LHg==}

  '@types/yui@3.14.31':
    resolution: {integrity: sha512-zsaXWd7Z6epeYXbmK1UTPGK9E6ZobOlX5syYt7OOw+GTZvA2KPTTYNT09k5fTt6KsCvIadayeLhVSWMOCHm3RA==}

  alloy-ui@3.1.0-deprecated.83:
    resolution: {integrity: sha512-WPkxbNT6CZoLIzE5XluiTbxkjIj+SCrxFjVxt6qixTCjvRIfuZxntj8fx05+ZPrZBuqnkp9qGf9eQnO4us8bEg==}
    engines: {node: <=0.12.0, npm: '>=2.0.0'}

  asn1@0.1.11:
    resolution: {integrity: sha512-Fh9zh3G2mZ8qM/kwsiKwL2U2FmXxVsboP4x1mXjnhKHv3SmzaBZoYvxEQJz/YS2gnCgd8xlAVWcZnQyC9qZBsA==}
    engines: {node: '>=0.4.9'}

  assert-plus@0.1.5:
    resolution: {integrity: sha512-brU24g7ryhRwGCI2y+1dGQmQXiZF7TtIj583S96y0jjdajIe6wn8BuXyELYhvD22dtIxDQVFk04YTJwwdwOYJw==}
    engines: {node: '>=0.8'}

  async@0.9.2:
    resolution: {integrity: sha512-l6ToIJIotphWahxxHyzK9bnLR6kM4jJIIgLShZeqLY7iboHoGkdgFl7W2/Ivi4SkMJYGKqW8vSuk0uKUj6qsSw==}

  asynckit@0.4.0:
    resolution: {integrity: sha512-Oei9OH4tRh0YqU3GxhX79dM/mwVgvbZJaSNaRk+bshkj0S5cfHcgYakreBjrHwatXKbz+IoIdYLxrKim2MjW0Q==}

  aws-sign2@0.5.0:
    resolution: {integrity: sha512-oqUX0DM5j7aPWPCnpWebiyNIj2wiNI87ZxnOMoGv0aE4TGlBy2N+5iWc6dQ/NOKZaBD2W6PVz8jtOGkWzSC5EA==}

  axios@1.7.3:
    resolution: {integrity: sha512-Ar7ND9pU99eJ9GpoGQKhKf58GpUOgnzuaB7ueNQ5BMi0p+LZ5oaEnfF999fAArcTIBwXTCHAmGcHOZJaWPq9Nw==}

  boom@0.4.2:
    resolution: {integrity: sha512-OvfN8y1oAxxphzkl2SnCS+ztV/uVKTATtgLjWYg/7KwcNyf3rzpHxNQJZCKtsZd4+MteKczhWbSjtEX4bGgU9g==}
    engines: {node: '>=0.8.0'}
    deprecated: This version has been deprecated in accordance with the hapi support policy (hapi.im/support). Please upgrade to the latest version to get the best features, bug fixes, and security patches. If you are unable to upgrade at this time, paid support is available for older versions (hapi.im/commercial).

  combined-stream@0.0.7:
    resolution: {integrity: sha512-qfexlmLp9MyrkajQVyjEDb0Vj+KhRgR/rxLiVhaihlT+ZkX0lReqtH6Ack40CvMDERR4b5eFp3CreskpBs1Pig==}
    engines: {node: '>= 0.8'}

  combined-stream@1.0.8:
    resolution: {integrity: sha512-FQN4MRfuJeHf7cBbBMJFXhKSDq+2kAArBlmRBvcvFE5BB1HZKXtSFASDhdlz9zOYwxh8lDdnvmMOe/+5cdoEdg==}
    engines: {node: '>= 0.8'}

  cryptiles@0.2.2:
    resolution: {integrity: sha512-gvWSbgqP+569DdslUiCelxIv3IYK5Lgmq1UrRnk+s1WxQOQ16j3GPDcjdtgL5Au65DU/xQi6q3xPtf5Kta+3IQ==}
    engines: {node: '>=0.8.0'}
    deprecated: This version has been deprecated in accordance with the hapi support policy (hapi.im/support). Please upgrade to the latest version to get the best features, bug fixes, and security patches. If you are unable to upgrade at this time, paid support is available for older versions (hapi.im/commercial).

  ctype@0.5.3:
    resolution: {integrity: sha512-T6CEkoSV4q50zW3TlTHMbzy1E5+zlnNcY+yb7tWVYlTwPhx9LpnfAkd4wecpWknDyptp4k97LUZeInlf6jdzBg==}
    engines: {node: '>= 0.4'}

  delayed-stream@0.0.5:
    resolution: {integrity: sha512-v+7uBd1pqe5YtgPacIIbZ8HuHeLFVNe4mUEyFDXL6KiqzEykjbw+5mXZXpGFgNVasdL4jWKgaKIXrEHiynN1LA==}
    engines: {node: '>=0.4.0'}

  delayed-stream@1.0.0:
    resolution: {integrity: sha512-ZySD7Nf91aLB0RxL4KGrKHBXl7Eds1DAmEdcoVawXnLD7SDhpNgtuII2aAkg7a7QS41jxPSZ17p4VdGnMHk3MQ==}
    engines: {node: '>=0.4.0'}

  follow-redirects@1.15.6:
    resolution: {integrity: sha512-wWN62YITEaOpSK584EZXJafH1AGpO8RVgElfkuXbTOrPX4fIfOyEpW/CsiNd8JdYrAoOvafRTOEnvsO++qCqFA==}
    engines: {node: '>=4.0'}
    peerDependencies:
      debug: '*'
    peerDependenciesMeta:
      debug:
        optional: true

  forever-agent@0.5.2:
    resolution: {integrity: sha512-PDG5Ef0Dob/JsZUxUltJOhm/Y9mlteAE+46y3M9RBz/Rd3QVENJ75aGRhN56yekTUboaBIkd8KVWX2NjF6+91A==}

  form-data@0.1.4:
    resolution: {integrity: sha512-x8eE+nzFtAMA0YYlSxf/Qhq6vP1f8wSoZ7Aw1GuctBcmudCNuTUmmx45TfEplyb6cjsZO/jvh6+1VpZn24ez+w==}
    engines: {node: '>= 0.8'}

  form-data@4.0.0:
    resolution: {integrity: sha512-ETEklSGi5t0QMZuiXoA/Q6vcnxcLQP5vdugSpuAyi6SVGi2clPPp+xgEhuMaHC+zGgn31Kd235W35f7Hykkaww==}
    engines: {node: '>= 6'}

  hawk@1.1.1:
    resolution: {integrity: sha512-am8sVA2bCJIw8fuuVcKvmmNnGFUGW8spTkVtj2fXTEZVkfN42bwFZFtDem57eFi+NSxurJB8EQ7Jd3uCHLn8Vw==}
    engines: {node: '>=0.8.0'}
    deprecated: This module moved to @hapi/hawk. Please make sure to switch over as this distribution is no longer supported and may contain bugs and critical security issues.

  hoek@0.9.1:
    resolution: {integrity: sha512-ZZ6eGyzGjyMTmpSPYVECXy9uNfqBR7x5CavhUaLOeD6W0vWK1mp/b7O3f86XE0Mtfo9rZ6Bh3fnuw9Xr8MF9zA==}
    engines: {node: '>=0.8.0'}
    deprecated: This version has been deprecated in accordance with the hapi support policy (hapi.im/support). Please upgrade to the latest version to get the best features, bug fixes, and security patches. If you are unable to upgrade at this time, paid support is available for older versions (hapi.im/commercial).

  http-signature@0.10.1:
    resolution: {integrity: sha512-coK8uR5rq2IMj+Hen+sKPA5ldgbCc1/spPdKCL1Fw6h+D0s/2LzMcRK0Cqufs1h0ryx/niwBHGFu8HC3hwU+lA==}
    engines: {node: '>=0.8'}

  json-stringify-safe@5.0.1:
    resolution: {integrity: sha512-ZClg6AaYvamvYEE82d3Iyd3vSSIjQ+odgjaTzRuO3s7toCdFKczob2i0zCh7JE8kWn17yvAWhUVxvqGwUalsRA==}

  mime-db@1.52.0:
    resolution: {integrity: sha512-sPU4uV7dYlvtWJxwwxHD0PuihVNiE7TyAbQ5SWxDCB9mUYvOgroQOwYQQOKPJ8CIbE+1ETVlOoK1UC2nU3gYvg==}
    engines: {node: '>= 0.6'}

  mime-types@1.0.2:
    resolution: {integrity: sha512-echfutj/t5SoTL4WZpqjA1DCud1XO0WQF3/GJ48YBmc4ZMhCK77QA6Z/w6VTQERLKuJ4drze3kw2TUT8xZXVNw==}
    engines: {node: '>= 0.8.0'}

  mime-types@2.1.35:
    resolution: {integrity: sha512-ZDY+bPm5zTTF+YpCrAU9nK0UgICYPT0QtT1NZWFv4s++TNkcgVaT0g6+4R2uI4MjQjzysHB1zxuWL50hzaeXiw==}
    engines: {node: '>= 0.6'}

  mime@1.2.11:
    resolution: {integrity: sha512-Ysa2F/nqTNGHhhm9MV8ure4+Hc+Y8AWiqUdHxsO7xu8zc92ND9f3kpALHjaP026Ft17UfxrMt95c50PLUeynBw==}

  node-uuid@1.4.8:
    resolution: {integrity: sha512-TkCET/3rr9mUuRp+CpO7qfgT++aAxfDRaalQhwPFzI9BY/2rCDn6OfpZOVggi1AXfTPpfkTrg5f5WQx5G1uLxA==}
    deprecated: Use uuid module instead
    hasBin: true

  oauth-sign@0.3.0:
    resolution: {integrity: sha512-Tr31Sh5FnK9YKm7xTUPyDMsNOvMqkVDND0zvK/Wgj7/H9q8mpye0qG2nVzrnsvLhcsX5DtqXD0la0ks6rkPCGQ==}

  proxy-from-env@1.1.0:
    resolution: {integrity: sha512-D+zkORCbA9f1tdWRK0RaCR3GPv50cMxcrz4X8k5LTSUD1Dkw47mKJEZQNunItRTkWwgtaUSo1RVFRIG9ZXiFYg==}

  psl@1.9.0:
    resolution: {integrity: sha512-E/ZsdU4HLs/68gYzgGTkMicWTLPdAftJLfJFlLUAAKZGkStNU72sZjT66SnMDVOfOWY/YAoiD7Jxa9iHvngcag==}

  punycode@2.3.1:
    resolution: {integrity: sha512-vYt7UD1U9Wg6138shLtLOvdAu+8DsC/ilFtEVHcH+wydcSpNE20AfSOduf6MkRFahL5FY7X1oU7nKVZFtfq8Fg==}
    engines: {node: '>=6'}

  qs@1.0.2:
    resolution: {integrity: sha512-tHuOP9TN/1VmDM/ylApGK1QF3PSIP8I6bHDEfoKNQeViREQ/sfu1bAUrA1hoDun8p8Tpm7jcsz47g+3PiGoYdg==}

  querystringify@2.2.0:
    resolution: {integrity: sha512-FIqgj2EUvTa7R50u0rGsyTftzjYmv/a3hO345bZNrqabNqjtgiDMgmo4mkUjd+nzU5oF3dClKqFIPUKybUyqoQ==}

  request@2.40.0:
    resolution: {integrity: sha512-waNoGB4Z7bPn+lgqPk7l7hhze4Vd68jKccnwLeS7vr9GMxz0iWQbYTbBNWzfIk87Urx7V44pu29qjF/omej+Fw==}
    engines: {'0': node >= 0.8.0}
    deprecated: request has been deprecated, see https://github.com/request/request/issues/3142

  requires-port@1.0.0:
    resolution: {integrity: sha512-KigOCHcocU3XODJxsu8i/j8T9tzT4adHiecwORRQ0ZZFcp7ahwXuRU1m+yuO90C5ZUyGeGfocHDI14M3L3yDAQ==}

  sntp@0.2.4:
    resolution: {integrity: sha512-bDLrKa/ywz65gCl+LmOiIhteP1bhEsAAzhfMedPoiHP3dyYnAevlaJshdqb9Yu0sRifyP/fRqSt8t+5qGIWlGQ==}
    engines: {node: '>=0.8.0'}
    deprecated: This module moved to @hapi/sntp. Please make sure to switch over as this distribution is no longer supported and may contain bugs and critical security issues.

  stringstream@0.0.6:
    resolution: {integrity: sha512-87GEBAkegbBcweToUrdzf3eLhWNg06FJTebl4BVJz/JgWy8CvEr9dRtX5qWphiynMSQlxxi+QqN0z5T32SLlhA==}

  tough-cookie@4.1.4:
    resolution: {integrity: sha512-Loo5UUvLD9ScZ6jh8beX1T6sO1w2/MpCRpEP7V280GKMVUQ0Jzar2U3UJPsrdbziLEMMhu3Ujnq//rhiFuIeag==}
    engines: {node: '>=6'}

  tunnel-agent@0.4.3:
    resolution: {integrity: sha512-e0IoVDWx8SDHc/hwFTqJDQ7CCDTEeGhmcT9jkWJjoGQSpgBz20nAMr80E3Tpk7PatJ1b37DQDgJR3CNSzcMOZQ==}

  typescript@5.4.5:
    resolution: {integrity: sha512-vcI4UpRgg81oIRUFwR0WSIHKt11nJ7SAVlYNIu+QpqeyXP+gpQJy/Z4+F0aGxSE4MqwjyXvW/TzgkLAx2AGHwQ==}
    engines: {node: '>=14.17'}
    hasBin: true

  undici-types@5.26.5:
    resolution: {integrity: sha512-JlCMO+ehdEIKqlFxk6IfVoAUVmgz7cU7zD/h9XZ0qzeosSHmUJVOzSQvvYSYWXkFXC+IfLKSIffhv0sVZup6pA==}

  universalify@0.2.0:
    resolution: {integrity: sha512-CJ1QgKmNg3CwvAv/kOFmtnEN05f0D/cn9QntgNOQlQF9dgvVTHj3t+8JPdjqawCHk7V/KA+fbUqzZ9XWhcqPUg==}
    engines: {node: '>= 4.0.0'}

  url-parse@1.5.10:
    resolution: {integrity: sha512-WypcfiRhfeUP9vvF0j6rw0J3hrWrw6iZv3+22h6iRMJ/8z1Tj6XfLP4DsUix5MhMPnXpiHDoKyoZ/bdCkwBCiQ==}

  yui@3.18.1:
    resolution: {integrity: sha512-M4/mHnq5uGvpwKEpRBh3SclL70cpDEus9LNGnrK5ZBzp4HOoueY7EkXfgtRBd+9VOQHWlFukXL2udHE53N4Wqw==}
    engines: {node: '>=0.8.0'}

snapshots:

  '@types/jquery@3.5.30':
    dependencies:
      '@types/sizzle': 2.3.8

  '@types/node@20.14.14':
    dependencies:
      undici-types: 5.26.5

  '@types/sizzle@2.3.8': {}

  '@types/yui@3.14.31': {}

  alloy-ui@3.1.0-deprecated.83: {}

  asn1@0.1.11:
    optional: true

  assert-plus@0.1.5:
    optional: true

  async@0.9.2:
    optional: true

  asynckit@0.4.0: {}

  aws-sign2@0.5.0:
    optional: true

  axios@1.7.3:
    dependencies:
      follow-redirects: 1.15.6
      form-data: 4.0.0
      proxy-from-env: 1.1.0
    transitivePeerDependencies:
      - debug

  boom@0.4.2:
    dependencies:
      hoek: 0.9.1
    optional: true

  combined-stream@0.0.7:
    dependencies:
      delayed-stream: 0.0.5
    optional: true

  combined-stream@1.0.8:
    dependencies:
      delayed-stream: 1.0.0

  cryptiles@0.2.2:
    dependencies:
      boom: 0.4.2
    optional: true

  ctype@0.5.3:
    optional: true

  delayed-stream@0.0.5:
    optional: true

  delayed-stream@1.0.0: {}

  follow-redirects@1.15.6: {}

  forever-agent@0.5.2: {}

  form-data@0.1.4:
    dependencies:
      async: 0.9.2
      combined-stream: 0.0.7
      mime: 1.2.11
    optional: true

  form-data@4.0.0:
    dependencies:
      asynckit: 0.4.0
      combined-stream: 1.0.8
      mime-types: 2.1.35

  hawk@1.1.1:
    dependencies:
      boom: 0.4.2
      cryptiles: 0.2.2
      hoek: 0.9.1
      sntp: 0.2.4
    optional: true

  hoek@0.9.1:
    optional: true

  http-signature@0.10.1:
    dependencies:
      asn1: 0.1.11
      assert-plus: 0.1.5
      ctype: 0.5.3
    optional: true

  json-stringify-safe@5.0.1: {}

  mime-db@1.52.0: {}

  mime-types@1.0.2: {}

  mime-types@2.1.35:
    dependencies:
      mime-db: 1.52.0

  mime@1.2.11:
    optional: true

  node-uuid@1.4.8: {}

  oauth-sign@0.3.0:
    optional: true

  proxy-from-env@1.1.0: {}

  psl@1.9.0:
    optional: true

  punycode@2.3.1:
    optional: true

  qs@1.0.2: {}

  querystringify@2.2.0:
    optional: true

  request@2.40.0:
    dependencies:
      forever-agent: 0.5.2
      json-stringify-safe: 5.0.1
      mime-types: 1.0.2
      node-uuid: 1.4.8
      qs: 1.0.2
    optionalDependencies:
      aws-sign2: 0.5.0
      form-data: 0.1.4
      hawk: 1.1.1
      http-signature: 0.10.1
      oauth-sign: 0.3.0
      stringstream: 0.0.6
      tough-cookie: 4.1.4
      tunnel-agent: 0.4.3

  requires-port@1.0.0:
    optional: true

  sntp@0.2.4:
    dependencies:
      hoek: 0.9.1
    optional: true

  stringstream@0.0.6:
    optional: true

  tough-cookie@4.1.4:
    dependencies:
      psl: 1.9.0
      punycode: 2.3.1
      universalify: 0.2.0
      url-parse: 1.5.10
    optional: true

  tunnel-agent@0.4.3:
    optional: true

  typescript@5.4.5: {}

  undici-types@5.26.5: {}

  universalify@0.2.0:
    optional: true

  url-parse@1.5.10:
    dependencies:
      querystringify: 2.2.0
      requires-port: 1.0.0
    optional: true

  yui@3.18.1:
    dependencies:
      request: 2.40.0
